// !$*UTF8*$!
{
	archiveVersion = 1;
	classes = {
	};
	objectVersion = 56;
	objects = {

/* Begin PBXBuildFile section */
		70105BA32A25E27600A06969 /* Color+Extension.swift in Sources */ = {isa = PBXBuildFile; fileRef = 70105BA22A25E27600A06969 /* Color+Extension.swift */; };
		70105BA72A25FBDC00A06969 /* SearchView.swift in Sources */ = {isa = PBXBuildFile; fileRef = 70105BA62A25FBDC00A06969 /* SearchView.swift */; };
		70105BA92A26026800A06969 /* FilterButton.swift in Sources */ = {isa = PBXBuildFile; fileRef = 70105BA82A26026800A06969 /* FilterButton.swift */; };
		70105BAB2A26051F00A06969 /* OceanBlueGradient.swift in Sources */ = {isa = PBXBuildFile; fileRef = 70105BAA2A26051F00A06969 /* OceanBlueGradient.swift */; };
		70105BAD2A260AE800A06969 /* FilterListView.swift in Sources */ = {isa = PBXBuildFile; fileRef = 70105BAC2A260AE800A06969 /* FilterListView.swift */; };
		70105BAF2A26146400A06969 /* ListHeaderView.swift in Sources */ = {isa = PBXBuildFile; fileRef = 70105BAE2A26146400A06969 /* ListHeaderView.swift */; };
		70105BB12A26158400A06969 /* NearFromYouCard.swift in Sources */ = {isa = PBXBuildFile; fileRef = 70105BB02A26158400A06969 /* NearFromYouCard.swift */; };
		70105BB32A261E7700A06969 /* BestForYouView.swift in Sources */ = {isa = PBXBuildFile; fileRef = 70105BB22A261E7700A06969 /* BestForYouView.swift */; };
		70105BB52A2624CB00A06969 /* FlatLinkStyle.swift in Sources */ = {isa = PBXBuildFile; fileRef = 70105BB42A2624CB00A06969 /* FlatLinkStyle.swift */; };
		707AD4D52A24CAA90037DC42 /* PickUpApp.swift in Sources */ = {isa = PBXBuildFile; fileRef = 707AD4D42A24CAA90037DC42 /* PickUpApp.swift */; };
		707AD4D72A24CAA90037DC42 /* ContentView.swift in Sources */ = {isa = PBXBuildFile; fileRef = 707AD4D62A24CAA90037DC42 /* ContentView.swift */; };
		707AD4D92A24CAAA0037DC42 /* Assets.xcassets in Resources */ = {isa = PBXBuildFile; fileRef = 707AD4D82A24CAAA0037DC42 /* Assets.xcassets */; };
		707AD4DC2A24CAAA0037DC42 /* Preview Assets.xcassets in Resources */ = {isa = PBXBuildFile; fileRef = 707AD4DB2A24CAAA0037DC42 /* Preview Assets.xcassets */; };
		707AD4E62A24CAAA0037DC42 /* PickUpAppTests.swift in Sources */ = {isa = PBXBuildFile; fileRef = 707AD4E52A24CAAA0037DC42 /* PickUpAppTests.swift */; };
		707AD4F02A24CAAA0037DC42 /* PickUpAppUITests.swift in Sources */ = {isa = PBXBuildFile; fileRef = 707AD4EF2A24CAAA0037DC42 /* PickUpAppUITests.swift */; };
		707AD4F22A24CAAA0037DC42 /* PickUpAppUITestsLaunchTests.swift in Sources */ = {isa = PBXBuildFile; fileRef = 707AD4F12A24CAAA0037DC42 /* PickUpAppUITestsLaunchTests.swift */; };
		707AD5032A24CCA90037DC42 /* HomeView.swift in Sources */ = {isa = PBXBuildFile; fileRef = 707AD5022A24CCA90037DC42 /* HomeView.swift */; };
		707AD5062A24D11C0037DC42 /* LocationView.swift in Sources */ = {isa = PBXBuildFile; fileRef = 707AD5052A24D11C0037DC42 /* LocationView.swift */; };
		707AD51A2A24D2370037DC42 /* Raleway-Thin.ttf in Resources */ = {isa = PBXBuildFile; fileRef = 707AD5082A24D2370037DC42 /* Raleway-Thin.ttf */; };
		707AD51B2A24D2370037DC42 /* Raleway-ExtraBold.ttf in Resources */ = {isa = PBXBuildFile; fileRef = 707AD5092A24D2370037DC42 /* Raleway-ExtraBold.ttf */; };
		707AD51C2A24D2370037DC42 /* Raleway-ExtraBoldItalic.ttf in Resources */ = {isa = PBXBuildFile; fileRef = 707AD50A2A24D2370037DC42 /* Raleway-ExtraBoldItalic.ttf */; };
		707AD51D2A24D2370037DC42 /* Raleway-Medium.ttf in Resources */ = {isa = PBXBuildFile; fileRef = 707AD50B2A24D2370037DC42 /* Raleway-Medium.ttf */; };
		707AD51E2A24D2370037DC42 /* Raleway-ExtraLightItalic.ttf in Resources */ = {isa = PBXBuildFile; fileRef = 707AD50C2A24D2370037DC42 /* Raleway-ExtraLightItalic.ttf */; };
		707AD51F2A24D2370037DC42 /* Raleway-ExtraLight.ttf in Resources */ = {isa = PBXBuildFile; fileRef = 707AD50D2A24D2370037DC42 /* Raleway-ExtraLight.ttf */; };
		707AD5202A24D2370037DC42 /* Raleway-Regular.ttf in Resources */ = {isa = PBXBuildFile; fileRef = 707AD50E2A24D2370037DC42 /* Raleway-Regular.ttf */; };
		707AD5212A24D2370037DC42 /* Raleway-Black.ttf in Resources */ = {isa = PBXBuildFile; fileRef = 707AD50F2A24D2370037DC42 /* Raleway-Black.ttf */; };
		707AD5222A24D2370037DC42 /* Raleway-Italic.ttf in Resources */ = {isa = PBXBuildFile; fileRef = 707AD5102A24D2370037DC42 /* Raleway-Italic.ttf */; };
		707AD5232A24D2370037DC42 /* Raleway-SemiBoldItalic.ttf in Resources */ = {isa = PBXBuildFile; fileRef = 707AD5112A24D2370037DC42 /* Raleway-SemiBoldItalic.ttf */; };
		707AD5242A24D2370037DC42 /* Raleway-Light.ttf in Resources */ = {isa = PBXBuildFile; fileRef = 707AD5122A24D2370037DC42 /* Raleway-Light.ttf */; };
		707AD5252A24D2370037DC42 /* Raleway-BoldItalic.ttf in Resources */ = {isa = PBXBuildFile; fileRef = 707AD5132A24D2370037DC42 /* Raleway-BoldItalic.ttf */; };
		707AD5262A24D2370037DC42 /* Raleway-Bold.ttf in Resources */ = {isa = PBXBuildFile; fileRef = 707AD5142A24D2370037DC42 /* Raleway-Bold.ttf */; };
		707AD5272A24D2370037DC42 /* Raleway-ThinItalic.ttf in Resources */ = {isa = PBXBuildFile; fileRef = 707AD5152A24D2370037DC42 /* Raleway-ThinItalic.ttf */; };
		707AD5282A24D2370037DC42 /* Raleway-BlackItalic.ttf in Resources */ = {isa = PBXBuildFile; fileRef = 707AD5162A24D2370037DC42 /* Raleway-BlackItalic.ttf */; };
		707AD5292A24D2370037DC42 /* Raleway-MediumItalic.ttf in Resources */ = {isa = PBXBuildFile; fileRef = 707AD5172A24D2370037DC42 /* Raleway-MediumItalic.ttf */; };
		707AD52A2A24D2370037DC42 /* Raleway-LightItalic.ttf in Resources */ = {isa = PBXBuildFile; fileRef = 707AD5182A24D2370037DC42 /* Raleway-LightItalic.ttf */; };
		707AD52B2A24D2370037DC42 /* Raleway-SemiBold.ttf in Resources */ = {isa = PBXBuildFile; fileRef = 707AD5192A24D2370037DC42 /* Raleway-SemiBold.ttf */; };
		707AD52F2A24D3AF0037DC42 /* Raleway.swift in Sources */ = {isa = PBXBuildFile; fileRef = 707AD52E2A24D3AF0037DC42 /* Raleway.swift */; };
		707AD5322A24D52D0037DC42 /* View+Extension.swift in Sources */ = {isa = PBXBuildFile; fileRef = 707AD5312A24D52D0037DC42 /* View+Extension.swift */; };
		707AD5352A24D5CB0037DC42 /* Color.xcassets in Resources */ = {isa = PBXBuildFile; fileRef = 707AD5342A24D5CB0037DC42 /* Color.xcassets */; };
/* End PBXBuildFile section */

/* Begin PBXContainerItemProxy section */
		707AD4E22A24CAAA0037DC42 /* PBXContainerItemProxy */ = {
			isa = PBXContainerItemProxy;
			containerPortal = 707AD4C92A24CAA90037DC42 /* Project object */;
			proxyType = 1;
			remoteGlobalIDString = 707AD4D02A24CAA90037DC42;
			remoteInfo = PickUpApp;
		};
		707AD4EC2A24CAAA0037DC42 /* PBXContainerItemProxy */ = {
			isa = PBXContainerItemProxy;
			containerPortal = 707AD4C92A24CAA90037DC42 /* Project object */;
			proxyType = 1;
			remoteGlobalIDString = 707AD4D02A24CAA90037DC42;
			remoteInfo = PickUpApp;
		};
/* End PBXContainerItemProxy section */

/* Begin PBXFileReference section */
		70105BA22A25E27600A06969 /* Color+Extension.swift */ = {isa = PBXFileReference; lastKnownFileType = sourcecode.swift; path = "Color+Extension.swift"; sourceTree = "<group>"; };
		70105BA62A25FBDC00A06969 /* SearchView.swift */ = {isa = PBXFileReference; lastKnownFileType = sourcecode.swift; path = SearchView.swift; sourceTree = "<group>"; };
		70105BA82A26026800A06969 /* FilterButton.swift */ = {isa = PBXFileReference; lastKnownFileType = sourcecode.swift; path = FilterButton.swift; sourceTree = "<group>"; };
		70105BAA2A26051F00A06969 /* OceanBlueGradient.swift */ = {isa = PBXFileReference; lastKnownFileType = sourcecode.swift; path = OceanBlueGradient.swift; sourceTree = "<group>"; };
		70105BAC2A260AE800A06969 /* FilterListView.swift */ = {isa = PBXFileReference; lastKnownFileType = sourcecode.swift; path = FilterListView.swift; sourceTree = "<group>"; };
		70105BAE2A26146400A06969 /* ListHeaderView.swift */ = {isa = PBXFileReference; lastKnownFileType = sourcecode.swift; path = ListHeaderView.swift; sourceTree = "<group>"; };
		70105BB02A26158400A06969 /* NearFromYouCard.swift */ = {isa = PBXFileReference; lastKnownFileType = sourcecode.swift; path = NearFromYouCard.swift; sourceTree = "<group>"; };
		70105BB22A261E7700A06969 /* BestForYouView.swift */ = {isa = PBXFileReference; lastKnownFileType = sourcecode.swift; path = BestForYouView.swift; sourceTree = "<group>"; };
		70105BB42A2624CB00A06969 /* FlatLinkStyle.swift */ = {isa = PBXFileReference; lastKnownFileType = sourcecode.swift; path = FlatLinkStyle.swift; sourceTree = "<group>"; };
		707AD4D12A24CAA90037DC42 /* PickUpApp.app */ = {isa = PBXFileReference; explicitFileType = wrapper.application; includeInIndex = 0; path = PickUpApp.app; sourceTree = BUILT_PRODUCTS_DIR; };
		707AD4D42A24CAA90037DC42 /* PickUpApp.swift */ = {isa = PBXFileReference; lastKnownFileType = sourcecode.swift; path = PickUpApp.swift; sourceTree = "<group>"; };
		707AD4D62A24CAA90037DC42 /* ContentView.swift */ = {isa = PBXFileReference; lastKnownFileType = sourcecode.swift; path = ContentView.swift; sourceTree = "<group>"; };
		707AD4D82A24CAAA0037DC42 /* Assets.xcassets */ = {isa = PBXFileReference; lastKnownFileType = folder.assetcatalog; path = Assets.xcassets; sourceTree = "<group>"; };
		707AD4DB2A24CAAA0037DC42 /* Preview Assets.xcassets */ = {isa = PBXFileReference; lastKnownFileType = folder.assetcatalog; path = "Preview Assets.xcassets"; sourceTree = "<group>"; };
		707AD4E12A24CAAA0037DC42 /* PickUpAppTests.xctest */ = {isa = PBXFileReference; explicitFileType = wrapper.cfbundle; includeInIndex = 0; path = PickUpAppTests.xctest; sourceTree = BUILT_PRODUCTS_DIR; };
		707AD4E52A24CAAA0037DC42 /* PickUpAppTests.swift */ = {isa = PBXFileReference; lastKnownFileType = sourcecode.swift; path = PickUpAppTests.swift; sourceTree = "<group>"; };
		707AD4EB2A24CAAA0037DC42 /* PickUpAppUITests.xctest */ = {isa = PBXFileReference; explicitFileType = wrapper.cfbundle; includeInIndex = 0; path = PickUpAppUITests.xctest; sourceTree = BUILT_PRODUCTS_DIR; };
		707AD4EF2A24CAAA0037DC42 /* PickUpAppUITests.swift */ = {isa = PBXFileReference; lastKnownFileType = sourcecode.swift; path = PickUpAppUITests.swift; sourceTree = "<group>"; };
		707AD4F12A24CAAA0037DC42 /* PickUpAppUITestsLaunchTests.swift */ = {isa = PBXFileReference; lastKnownFileType = sourcecode.swift; path = PickUpAppUITestsLaunchTests.swift; sourceTree = "<group>"; };
		707AD5022A24CCA90037DC42 /* HomeView.swift */ = {isa = PBXFileReference; lastKnownFileType = sourcecode.swift; path = HomeView.swift; sourceTree = "<group>"; };
		707AD5052A24D11C0037DC42 /* LocationView.swift */ = {isa = PBXFileReference; lastKnownFileType = sourcecode.swift; path = LocationView.swift; sourceTree = "<group>"; };
		707AD5082A24D2370037DC42 /* Raleway-Thin.ttf */ = {isa = PBXFileReference; lastKnownFileType = file; path = "Raleway-Thin.ttf"; sourceTree = "<group>"; };
		707AD5092A24D2370037DC42 /* Raleway-ExtraBold.ttf */ = {isa = PBXFileReference; lastKnownFileType = file; path = "Raleway-ExtraBold.ttf"; sourceTree = "<group>"; };
		707AD50A2A24D2370037DC42 /* Raleway-ExtraBoldItalic.ttf */ = {isa = PBXFileReference; lastKnownFileType = file; path = "Raleway-ExtraBoldItalic.ttf"; sourceTree = "<group>"; };
		707AD50B2A24D2370037DC42 /* Raleway-Medium.ttf */ = {isa = PBXFileReference; lastKnownFileType = file; path = "Raleway-Medium.ttf"; sourceTree = "<group>"; };
		707AD50C2A24D2370037DC42 /* Raleway-ExtraLightItalic.ttf */ = {isa = PBXFileReference; lastKnownFileType = file; path = "Raleway-ExtraLightItalic.ttf"; sourceTree = "<group>"; };
		707AD50D2A24D2370037DC42 /* Raleway-ExtraLight.ttf */ = {isa = PBXFileReference; lastKnownFileType = file; path = "Raleway-ExtraLight.ttf"; sourceTree = "<group>"; };
		707AD50E2A24D2370037DC42 /* Raleway-Regular.ttf */ = {isa = PBXFileReference; lastKnownFileType = file; path = "Raleway-Regular.ttf"; sourceTree = "<group>"; };
		707AD50F2A24D2370037DC42 /* Raleway-Black.ttf */ = {isa = PBXFileReference; lastKnownFileType = file; path = "Raleway-Black.ttf"; sourceTree = "<group>"; };
		707AD5102A24D2370037DC42 /* Raleway-Italic.ttf */ = {isa = PBXFileReference; lastKnownFileType = file; path = "Raleway-Italic.ttf"; sourceTree = "<group>"; };
		707AD5112A24D2370037DC42 /* Raleway-SemiBoldItalic.ttf */ = {isa = PBXFileReference; lastKnownFileType = file; path = "Raleway-SemiBoldItalic.ttf"; sourceTree = "<group>"; };
		707AD5122A24D2370037DC42 /* Raleway-Light.ttf */ = {isa = PBXFileReference; lastKnownFileType = file; path = "Raleway-Light.ttf"; sourceTree = "<group>"; };
		707AD5132A24D2370037DC42 /* Raleway-BoldItalic.ttf */ = {isa = PBXFileReference; lastKnownFileType = file; path = "Raleway-BoldItalic.ttf"; sourceTree = "<group>"; };
		707AD5142A24D2370037DC42 /* Raleway-Bold.ttf */ = {isa = PBXFileReference; lastKnownFileType = file; path = "Raleway-Bold.ttf"; sourceTree = "<group>"; };
		707AD5152A24D2370037DC42 /* Raleway-ThinItalic.ttf */ = {isa = PBXFileReference; lastKnownFileType = file; path = "Raleway-ThinItalic.ttf"; sourceTree = "<group>"; };
		707AD5162A24D2370037DC42 /* Raleway-BlackItalic.ttf */ = {isa = PBXFileReference; lastKnownFileType = file; path = "Raleway-BlackItalic.ttf"; sourceTree = "<group>"; };
		707AD5172A24D2370037DC42 /* Raleway-MediumItalic.ttf */ = {isa = PBXFileReference; lastKnownFileType = file; path = "Raleway-MediumItalic.ttf"; sourceTree = "<group>"; };
		707AD5182A24D2370037DC42 /* Raleway-LightItalic.ttf */ = {isa = PBXFileReference; lastKnownFileType = file; path = "Raleway-LightItalic.ttf"; sourceTree = "<group>"; };
		707AD5192A24D2370037DC42 /* Raleway-SemiBold.ttf */ = {isa = PBXFileReference; lastKnownFileType = file; path = "Raleway-SemiBold.ttf"; sourceTree = "<group>"; };
		707AD52C2A24D24F0037DC42 /* Info.plist */ = {isa = PBXFileReference; lastKnownFileType = text.plist.xml; path = Info.plist; sourceTree = "<group>"; };
		707AD52E2A24D3AF0037DC42 /* Raleway.swift */ = {isa = PBXFileReference; lastKnownFileType = sourcecode.swift; path = Raleway.swift; sourceTree = "<group>"; };
		707AD5312A24D52D0037DC42 /* View+Extension.swift */ = {isa = PBXFileReference; lastKnownFileType = sourcecode.swift; path = "View+Extension.swift"; sourceTree = "<group>"; };
		707AD5342A24D5CB0037DC42 /* Color.xcassets */ = {isa = PBXFileReference; lastKnownFileType = folder.assetcatalog; path = Color.xcassets; sourceTree = "<group>"; };
/* End PBXFileReference section */

/* Begin PBXFrameworksBuildPhase section */
		707AD4CE2A24CAA90037DC42 /* Frameworks */ = {
			isa = PBXFrameworksBuildPhase;
			buildActionMask = 2147483647;
			files = (
			);
			runOnlyForDeploymentPostprocessing = 0;
		};
		707AD4DE2A24CAAA0037DC42 /* Frameworks */ = {
			isa = PBXFrameworksBuildPhase;
			buildActionMask = 2147483647;
			files = (
			);
			runOnlyForDeploymentPostprocessing = 0;
		};
		707AD4E82A24CAAA0037DC42 /* Frameworks */ = {
			isa = PBXFrameworksBuildPhase;
			buildActionMask = 2147483647;
			files = (
			);
			runOnlyForDeploymentPostprocessing = 0;
		};
/* End PBXFrameworksBuildPhase section */

/* Begin PBXGroup section */
		707AD4C82A24CAA90037DC42 = {
			isa = PBXGroup;
			children = (
				707AD4D32A24CAA90037DC42 /* PickUpApp */,
				707AD4E42A24CAAA0037DC42 /* PickUpAppTests */,
				707AD4EE2A24CAAA0037DC42 /* PickUpAppUITests */,
				707AD4D22A24CAA90037DC42 /* Products */,
			);
			sourceTree = "<group>";
		};
		707AD4D22A24CAA90037DC42 /* Products */ = {
			isa = PBXGroup;
			children = (
				707AD4D12A24CAA90037DC42 /* PickUpApp.app */,
				707AD4E12A24CAAA0037DC42 /* PickUpAppTests.xctest */,
				707AD4EB2A24CAAA0037DC42 /* PickUpAppUITests.xctest */,
			);
			name = Products;
			sourceTree = "<group>";
		};
		707AD4D32A24CAA90037DC42 /* PickUpApp */ = {
			isa = PBXGroup;
			children = (
				707AD52C2A24D24F0037DC42 /* Info.plist */,
				707AD5332A24D5A60037DC42 /* SupportingFiles */,
				707AD5302A24D51A0037DC42 /* Extension */,
				707AD52D2A24D3A00037DC42 /* Model */,
				707AD5072A24D21E0037DC42 /* Font */,
				707AD4FE2A24CC4C0037DC42 /* Feature */,
				707AD4DA2A24CAAA0037DC42 /* Preview Content */,
			);
			path = PickUpApp;
			sourceTree = "<group>";
		};
		707AD4DA2A24CAAA0037DC42 /* Preview Content */ = {
			isa = PBXGroup;
			children = (
				707AD4DB2A24CAAA0037DC42 /* Preview Assets.xcassets */,
			);
			path = "Preview Content";
			sourceTree = "<group>";
		};
		707AD4E42A24CAAA0037DC42 /* PickUpAppTests */ = {
			isa = PBXGroup;
			children = (
				707AD4E52A24CAAA0037DC42 /* PickUpAppTests.swift */,
			);
			path = PickUpAppTests;
			sourceTree = "<group>";
		};
		707AD4EE2A24CAAA0037DC42 /* PickUpAppUITests */ = {
			isa = PBXGroup;
			children = (
				707AD4EF2A24CAAA0037DC42 /* PickUpAppUITests.swift */,
				707AD4F12A24CAAA0037DC42 /* PickUpAppUITestsLaunchTests.swift */,
			);
			path = PickUpAppUITests;
			sourceTree = "<group>";
		};
		707AD4FE2A24CC4C0037DC42 /* Feature */ = {
			isa = PBXGroup;
			children = (
				707AD5042A24CCDA0037DC42 /* Views */,
				707AD4FF2A24CC530037DC42 /* Home */,
			);
			path = Feature;
			sourceTree = "<group>";
		};
		707AD4FF2A24CC530037DC42 /* Home */ = {
			isa = PBXGroup;
			children = (
				707AD5012A24CC9E0037DC42 /* View */,
			);
			path = Home;
			sourceTree = "<group>";
		};
		707AD5012A24CC9E0037DC42 /* View */ = {
			isa = PBXGroup;
			children = (
				707AD5022A24CCA90037DC42 /* HomeView.swift */,
			);
			path = View;
			sourceTree = "<group>";
		};
		707AD5042A24CCDA0037DC42 /* Views */ = {
			isa = PBXGroup;
			children = (
				707AD5052A24D11C0037DC42 /* LocationView.swift */,
				70105BA62A25FBDC00A06969 /* SearchView.swift */,
				70105BA82A26026800A06969 /* FilterButton.swift */,
				70105BAC2A260AE800A06969 /* FilterListView.swift */,
				70105BAA2A26051F00A06969 /* OceanBlueGradient.swift */,
				70105BAE2A26146400A06969 /* ListHeaderView.swift */,
				70105BB02A26158400A06969 /* NearFromYouCard.swift */,
				70105BB22A261E7700A06969 /* BestForYouView.swift */,
				70105BB42A2624CB00A06969 /* FlatLinkStyle.swift */,
			);
			path = Views;
			sourceTree = "<group>";
		};
		707AD5072A24D21E0037DC42 /* Font */ = {
			isa = PBXGroup;
			children = (
				707AD50F2A24D2370037DC42 /* Raleway-Black.ttf */,
				707AD5162A24D2370037DC42 /* Raleway-BlackItalic.ttf */,
				707AD5142A24D2370037DC42 /* Raleway-Bold.ttf */,
				707AD5132A24D2370037DC42 /* Raleway-BoldItalic.ttf */,
				707AD5092A24D2370037DC42 /* Raleway-ExtraBold.ttf */,
				707AD50A2A24D2370037DC42 /* Raleway-ExtraBoldItalic.ttf */,
				707AD50D2A24D2370037DC42 /* Raleway-ExtraLight.ttf */,
				707AD50C2A24D2370037DC42 /* Raleway-ExtraLightItalic.ttf */,
				707AD5102A24D2370037DC42 /* Raleway-Italic.ttf */,
				707AD5122A24D2370037DC42 /* Raleway-Light.ttf */,
				707AD5182A24D2370037DC42 /* Raleway-LightItalic.ttf */,
				707AD50B2A24D2370037DC42 /* Raleway-Medium.ttf */,
				707AD5172A24D2370037DC42 /* Raleway-MediumItalic.ttf */,
				707AD50E2A24D2370037DC42 /* Raleway-Regular.ttf */,
				707AD5192A24D2370037DC42 /* Raleway-SemiBold.ttf */,
				707AD5112A24D2370037DC42 /* Raleway-SemiBoldItalic.ttf */,
				707AD5082A24D2370037DC42 /* Raleway-Thin.ttf */,
				707AD5152A24D2370037DC42 /* Raleway-ThinItalic.ttf */,
			);
			path = Font;
			sourceTree = "<group>";
		};
		707AD52D2A24D3A00037DC42 /* Model */ = {
			isa = PBXGroup;
			children = (
				707AD52E2A24D3AF0037DC42 /* Raleway.swift */,
			);
			path = Model;
			sourceTree = "<group>";
		};
		707AD5302A24D51A0037DC42 /* Extension */ = {
			isa = PBXGroup;
			children = (
				707AD5312A24D52D0037DC42 /* View+Extension.swift */,
				70105BA22A25E27600A06969 /* Color+Extension.swift */,
			);
			path = Extension;
			sourceTree = "<group>";
		};
		707AD5332A24D5A60037DC42 /* SupportingFiles */ = {
			isa = PBXGroup;
			children = (
				707AD4D82A24CAAA0037DC42 /* Assets.xcassets */,
				707AD5342A24D5CB0037DC42 /* Color.xcassets */,
				707AD4D42A24CAA90037DC42 /* PickUpApp.swift */,
				707AD4D62A24CAA90037DC42 /* ContentView.swift */,
			);
			path = SupportingFiles;
			sourceTree = "<group>";
		};
/* End PBXGroup section */

/* Begin PBXNativeTarget section */
		707AD4D02A24CAA90037DC42 /* PickUpApp */ = {
			isa = PBXNativeTarget;
			buildConfigurationList = 707AD4F52A24CAAA0037DC42 /* Build configuration list for PBXNativeTarget "PickUpApp" */;
			buildPhases = (
				707AD4CD2A24CAA90037DC42 /* Sources */,
				707AD4CE2A24CAA90037DC42 /* Frameworks */,
				707AD4CF2A24CAA90037DC42 /* Resources */,
			);
			buildRules = (
			);
			dependencies = (
			);
			name = PickUpApp;
			productName = PickUpApp;
			productReference = 707AD4D12A24CAA90037DC42 /* PickUpApp.app */;
			productType = "com.apple.product-type.application";
		};
		707AD4E02A24CAAA0037DC42 /* PickUpAppTests */ = {
			isa = PBXNativeTarget;
			buildConfigurationList = 707AD4F82A24CAAA0037DC42 /* Build configuration list for PBXNativeTarget "PickUpAppTests" */;
			buildPhases = (
				707AD4DD2A24CAAA0037DC42 /* Sources */,
				707AD4DE2A24CAAA0037DC42 /* Frameworks */,
				707AD4DF2A24CAAA0037DC42 /* Resources */,
			);
			buildRules = (
			);
			dependencies = (
				707AD4E32A24CAAA0037DC42 /* PBXTargetDependency */,
			);
			name = PickUpAppTests;
			productName = PickUpAppTests;
			productReference = 707AD4E12A24CAAA0037DC42 /* PickUpAppTests.xctest */;
			productType = "com.apple.product-type.bundle.unit-test";
		};
		707AD4EA2A24CAAA0037DC42 /* PickUpAppUITests */ = {
			isa = PBXNativeTarget;
			buildConfigurationList = 707AD4FB2A24CAAA0037DC42 /* Build configuration list for PBXNativeTarget "PickUpAppUITests" */;
			buildPhases = (
				707AD4E72A24CAAA0037DC42 /* Sources */,
				707AD4E82A24CAAA0037DC42 /* Frameworks */,
				707AD4E92A24CAAA0037DC42 /* Resources */,
			);
			buildRules = (
			);
			dependencies = (
				707AD4ED2A24CAAA0037DC42 /* PBXTargetDependency */,
			);
			name = PickUpAppUITests;
			productName = PickUpAppUITests;
			productReference = 707AD4EB2A24CAAA0037DC42 /* PickUpAppUITests.xctest */;
			productType = "com.apple.product-type.bundle.ui-testing";
		};
/* End PBXNativeTarget section */

/* Begin PBXProject section */
		707AD4C92A24CAA90037DC42 /* Project object */ = {
			isa = PBXProject;
			attributes = {
				BuildIndependentTargetsInParallel = 1;
				LastSwiftUpdateCheck = 1430;
				LastUpgradeCheck = 1430;
				TargetAttributes = {
					707AD4D02A24CAA90037DC42 = {
						CreatedOnToolsVersion = 14.3;
					};
					707AD4E02A24CAAA0037DC42 = {
						CreatedOnToolsVersion = 14.3;
						TestTargetID = 707AD4D02A24CAA90037DC42;
					};
					707AD4EA2A24CAAA0037DC42 = {
						CreatedOnToolsVersion = 14.3;
						TestTargetID = 707AD4D02A24CAA90037DC42;
					};
				};
			};
			buildConfigurationList = 707AD4CC2A24CAA90037DC42 /* Build configuration list for PBXProject "PickUpApp" */;
			compatibilityVersion = "Xcode 14.0";
			developmentRegion = en;
			hasScannedForEncodings = 0;
			knownRegions = (
				en,
				Base,
			);
			mainGroup = 707AD4C82A24CAA90037DC42;
			productRefGroup = 707AD4D22A24CAA90037DC42 /* Products */;
			projectDirPath = "";
			projectRoot = "";
			targets = (
				707AD4D02A24CAA90037DC42 /* PickUpApp */,
				707AD4E02A24CAAA0037DC42 /* PickUpAppTests */,
				707AD4EA2A24CAAA0037DC42 /* PickUpAppUITests */,
			);
		};
/* End PBXProject section */

/* Begin PBXResourcesBuildPhase section */
		707AD4CF2A24CAA90037DC42 /* Resources */ = {
			isa = PBXResourcesBuildPhase;
			buildActionMask = 2147483647;
			files = (
				707AD51F2A24D2370037DC42 /* Raleway-ExtraLight.ttf in Resources */,
				707AD51B2A24D2370037DC42 /* Raleway-ExtraBold.ttf in Resources */,
				707AD5222A24D2370037DC42 /* Raleway-Italic.ttf in Resources */,
				707AD5292A24D2370037DC42 /* Raleway-MediumItalic.ttf in Resources */,
				707AD5252A24D2370037DC42 /* Raleway-BoldItalic.ttf in Resources */,
				707AD51D2A24D2370037DC42 /* Raleway-Medium.ttf in Resources */,
				707AD51C2A24D2370037DC42 /* Raleway-ExtraBoldItalic.ttf in Resources */,
				707AD5212A24D2370037DC42 /* Raleway-Black.ttf in Resources */,
				707AD5202A24D2370037DC42 /* Raleway-Regular.ttf in Resources */,
				707AD52B2A24D2370037DC42 /* Raleway-SemiBold.ttf in Resources */,
				707AD51A2A24D2370037DC42 /* Raleway-Thin.ttf in Resources */,
				707AD5352A24D5CB0037DC42 /* Color.xcassets in Resources */,
				707AD4DC2A24CAAA0037DC42 /* Preview Assets.xcassets in Resources */,
				707AD5242A24D2370037DC42 /* Raleway-Light.ttf in Resources */,
				707AD5232A24D2370037DC42 /* Raleway-SemiBoldItalic.ttf in Resources */,
				707AD51E2A24D2370037DC42 /* Raleway-ExtraLightItalic.ttf in Resources */,
				707AD52A2A24D2370037DC42 /* Raleway-LightItalic.ttf in Resources */,
				707AD5272A24D2370037DC42 /* Raleway-ThinItalic.ttf in Resources */,
				707AD5262A24D2370037DC42 /* Raleway-Bold.ttf in Resources */,
				707AD4D92A24CAAA0037DC42 /* Assets.xcassets in Resources */,
				707AD5282A24D2370037DC42 /* Raleway-BlackItalic.ttf in Resources */,
			);
			runOnlyForDeploymentPostprocessing = 0;
		};
		707AD4DF2A24CAAA0037DC42 /* Resources */ = {
			isa = PBXResourcesBuildPhase;
			buildActionMask = 2147483647;
			files = (
			);
			runOnlyForDeploymentPostprocessing = 0;
		};
		707AD4E92A24CAAA0037DC42 /* Resources */ = {
			isa = PBXResourcesBuildPhase;
			buildActionMask = 2147483647;
			files = (
			);
			runOnlyForDeploymentPostprocessing = 0;
		};
/* End PBXResourcesBuildPhase section */

/* Begin PBXSourcesBuildPhase section */
		707AD4CD2A24CAA90037DC42 /* Sources */ = {
			isa = PBXSourcesBuildPhase;
			buildActionMask = 2147483647;
			files = (
				70105BB52A2624CB00A06969 /* FlatLinkStyle.swift in Sources */,
				707AD5032A24CCA90037DC42 /* HomeView.swift in Sources */,
				70105BA92A26026800A06969 /* FilterButton.swift in Sources */,
				70105BB12A26158400A06969 /* NearFromYouCard.swift in Sources */,
				70105BA32A25E27600A06969 /* Color+Extension.swift in Sources */,
				707AD5062A24D11C0037DC42 /* LocationView.swift in Sources */,
				707AD5322A24D52D0037DC42 /* View+Extension.swift in Sources */,
				70105BB32A261E7700A06969 /* BestForYouView.swift in Sources */,
				70105BAD2A260AE800A06969 /* FilterListView.swift in Sources */,
				70105BA72A25FBDC00A06969 /* SearchView.swift in Sources */,
				70105BAB2A26051F00A06969 /* OceanBlueGradient.swift in Sources */,
				707AD52F2A24D3AF0037DC42 /* Raleway.swift in Sources */,
				707AD4D72A24CAA90037DC42 /* ContentView.swift in Sources */,
				707AD4D52A24CAA90037DC42 /* PickUpApp.swift in Sources */,
				70105BAF2A26146400A06969 /* ListHeaderView.swift in Sources */,
			);
			runOnlyForDeploymentPostprocessing = 0;
		};
		707AD4DD2A24CAAA0037DC42 /* Sources */ = {
			isa = PBXSourcesBuildPhase;
			buildActionMask = 2147483647;
			files = (
				707AD4E62A24CAAA0037DC42 /* PickUpAppTests.swift in Sources */,
			);
			runOnlyForDeploymentPostprocessing = 0;
		};
		707AD4E72A24CAAA0037DC42 /* Sources */ = {
			isa = PBXSourcesBuildPhase;
			buildActionMask = 2147483647;
			files = (
				707AD4F22A24CAAA0037DC42 /* PickUpAppUITestsLaunchTests.swift in Sources */,
				707AD4F02A24CAAA0037DC42 /* PickUpAppUITests.swift in Sources */,
			);
			runOnlyForDeploymentPostprocessing = 0;
		};
/* End PBXSourcesBuildPhase section */

/* Begin PBXTargetDependency section */
		707AD4E32A24CAAA0037DC42 /* PBXTargetDependency */ = {
			isa = PBXTargetDependency;
			target = 707AD4D02A24CAA90037DC42 /* PickUpApp */;
			targetProxy = 707AD4E22A24CAAA0037DC42 /* PBXContainerItemProxy */;
		};
		707AD4ED2A24CAAA0037DC42 /* PBXTargetDependency */ = {
			isa = PBXTargetDependency;
			target = 707AD4D02A24CAA90037DC42 /* PickUpApp */;
			targetProxy = 707AD4EC2A24CAAA0037DC42 /* PBXContainerItemProxy */;
		};
/* End PBXTargetDependency section */

/* Begin XCBuildConfiguration section */
		707AD4F32A24CAAA0037DC42 /* Debug */ = {
			isa = XCBuildConfiguration;
			buildSettings = {
				ALWAYS_SEARCH_USER_PATHS = NO;
				CLANG_ANALYZER_NONNULL = YES;
				CLANG_ANALYZER_NUMBER_OBJECT_CONVERSION = YES_AGGRESSIVE;
				CLANG_CXX_LANGUAGE_STANDARD = "gnu++20";
				CLANG_ENABLE_MODULES = YES;
				CLANG_ENABLE_OBJC_ARC = YES;
				CLANG_ENABLE_OBJC_WEAK = YES;
				CLANG_WARN_BLOCK_CAPTURE_AUTORELEASING = YES;
				CLANG_WARN_BOOL_CONVERSION = YES;
				CLANG_WARN_COMMA = YES;
				CLANG_WARN_CONSTANT_CONVERSION = YES;
				CLANG_WARN_DEPRECATED_OBJC_IMPLEMENTATIONS = YES;
				CLANG_WARN_DIRECT_OBJC_ISA_USAGE = YES_ERROR;
				CLANG_WARN_DOCUMENTATION_COMMENTS = YES;
				CLANG_WARN_EMPTY_BODY = YES;
				CLANG_WARN_ENUM_CONVERSION = YES;
				CLANG_WARN_INFINITE_RECURSION = YES;
				CLANG_WARN_INT_CONVERSION = YES;
				CLANG_WARN_NON_LITERAL_NULL_CONVERSION = YES;
				CLANG_WARN_OBJC_IMPLICIT_RETAIN_SELF = YES;
				CLANG_WARN_OBJC_LITERAL_CONVERSION = YES;
				CLANG_WARN_OBJC_ROOT_CLASS = YES_ERROR;
				CLANG_WARN_QUOTED_INCLUDE_IN_FRAMEWORK_HEADER = YES;
				CLANG_WARN_RANGE_LOOP_ANALYSIS = YES;
				CLANG_WARN_STRICT_PROTOTYPES = YES;
				CLANG_WARN_SUSPICIOUS_MOVE = YES;
				CLANG_WARN_UNGUARDED_AVAILABILITY = YES_AGGRESSIVE;
				CLANG_WARN_UNREACHABLE_CODE = YES;
				CLANG_WARN__DUPLICATE_METHOD_MATCH = YES;
				COPY_PHASE_STRIP = NO;
				DEBUG_INFORMATION_FORMAT = dwarf;
				ENABLE_STRICT_OBJC_MSGSEND = YES;
				ENABLE_TESTABILITY = YES;
				GCC_C_LANGUAGE_STANDARD = gnu11;
				GCC_DYNAMIC_NO_PIC = NO;
				GCC_NO_COMMON_BLOCKS = YES;
				GCC_OPTIMIZATION_LEVEL = 0;
				GCC_PREPROCESSOR_DEFINITIONS = (
					"DEBUG=1",
					"$(inherited)",
				);
				GCC_WARN_64_TO_32_BIT_CONVERSION = YES;
				GCC_WARN_ABOUT_RETURN_TYPE = YES_ERROR;
				GCC_WARN_UNDECLARED_SELECTOR = YES;
				GCC_WARN_UNINITIALIZED_AUTOS = YES_AGGRESSIVE;
				GCC_WARN_UNUSED_FUNCTION = YES;
				GCC_WARN_UNUSED_VARIABLE = YES;
				IPHONEOS_DEPLOYMENT_TARGET = 16.4;
				MTL_ENABLE_DEBUG_INFO = INCLUDE_SOURCE;
				MTL_FAST_MATH = YES;
				ONLY_ACTIVE_ARCH = YES;
				SDKROOT = iphoneos;
				SWIFT_ACTIVE_COMPILATION_CONDITIONS = DEBUG;
				SWIFT_OPTIMIZATION_LEVEL = "-Onone";
			};
			name = Debug;
		};
		707AD4F42A24CAAA0037DC42 /* Release */ = {
			isa = XCBuildConfiguration;
			buildSettings = {
				ALWAYS_SEARCH_USER_PATHS = NO;
				CLANG_ANALYZER_NONNULL = YES;
				CLANG_ANALYZER_NUMBER_OBJECT_CONVERSION = YES_AGGRESSIVE;
				CLANG_CXX_LANGUAGE_STANDARD = "gnu++20";
				CLANG_ENABLE_MODULES = YES;
				CLANG_ENABLE_OBJC_ARC = YES;
				CLANG_ENABLE_OBJC_WEAK = YES;
				CLANG_WARN_BLOCK_CAPTURE_AUTORELEASING = YES;
				CLANG_WARN_BOOL_CONVERSION = YES;
				CLANG_WARN_COMMA = YES;
				CLANG_WARN_CONSTANT_CONVERSION = YES;
				CLANG_WARN_DEPRECATED_OBJC_IMPLEMENTATIONS = YES;
				CLANG_WARN_DIRECT_OBJC_ISA_USAGE = YES_ERROR;
				CLANG_WARN_DOCUMENTATION_COMMENTS = YES;
				CLANG_WARN_EMPTY_BODY = YES;
				CLANG_WARN_ENUM_CONVERSION = YES;
				CLANG_WARN_INFINITE_RECURSION = YES;
				CLANG_WARN_INT_CONVERSION = YES;
				CLANG_WARN_NON_LITERAL_NULL_CONVERSION = YES;
				CLANG_WARN_OBJC_IMPLICIT_RETAIN_SELF = YES;
				CLANG_WARN_OBJC_LITERAL_CONVERSION = YES;
				CLANG_WARN_OBJC_ROOT_CLASS = YES_ERROR;
				CLANG_WARN_QUOTED_INCLUDE_IN_FRAMEWORK_HEADER = YES;
				CLANG_WARN_RANGE_LOOP_ANALYSIS = YES;
				CLANG_WARN_STRICT_PROTOTYPES = YES;
				CLANG_WARN_SUSPICIOUS_MOVE = YES;
				CLANG_WARN_UNGUARDED_AVAILABILITY = YES_AGGRESSIVE;
				CLANG_WARN_UNREACHABLE_CODE = YES;
				CLANG_WARN__DUPLICATE_METHOD_MATCH = YES;
				COPY_PHASE_STRIP = NO;
				DEBUG_INFORMATION_FORMAT = "dwarf-with-dsym";
				ENABLE_NS_ASSERTIONS = NO;
				ENABLE_STRICT_OBJC_MSGSEND = YES;
				GCC_C_LANGUAGE_STANDARD = gnu11;
				GCC_NO_COMMON_BLOCKS = YES;
				GCC_WARN_64_TO_32_BIT_CONVERSION = YES;
				GCC_WARN_ABOUT_RETURN_TYPE = YES_ERROR;
				GCC_WARN_UNDECLARED_SELECTOR = YES;
				GCC_WARN_UNINITIALIZED_AUTOS = YES_AGGRESSIVE;
				GCC_WARN_UNUSED_FUNCTION = YES;
				GCC_WARN_UNUSED_VARIABLE = YES;
				IPHONEOS_DEPLOYMENT_TARGET = 16.4;
				MTL_ENABLE_DEBUG_INFO = NO;
				MTL_FAST_MATH = YES;
				SDKROOT = iphoneos;
				SWIFT_COMPILATION_MODE = wholemodule;
				SWIFT_OPTIMIZATION_LEVEL = "-O";
				VALIDATE_PRODUCT = YES;
			};
			name = Release;
		};
		707AD4F62A24CAAA0037DC42 /* Debug */ = {
			isa = XCBuildConfiguration;
			buildSettings = {
				ASSETCATALOG_COMPILER_APPICON_NAME = AppIcon;
				ASSETCATALOG_COMPILER_GLOBAL_ACCENT_COLOR_NAME = AccentColor;
				CODE_SIGN_STYLE = Automatic;
				CURRENT_PROJECT_VERSION = 1;
				DEVELOPMENT_ASSET_PATHS = "\"PickUpApp/Preview Content\"";
				ENABLE_PREVIEWS = YES;
				GENERATE_INFOPLIST_FILE = YES;
				INFOPLIST_FILE = PickUpApp/Info.plist;
				INFOPLIST_KEY_UIApplicationSceneManifest_Generation = YES;
				INFOPLIST_KEY_UIApplicationSupportsIndirectInputEvents = YES;
				INFOPLIST_KEY_UILaunchScreen_Generation = YES;
				INFOPLIST_KEY_UISupportedInterfaceOrientations_iPad = "UIInterfaceOrientationPortrait UIInterfaceOrientationPortraitUpsideDown UIInterfaceOrientationLandscapeLeft UIInterfaceOrientationLandscapeRight";
				INFOPLIST_KEY_UISupportedInterfaceOrientations_iPhone = "UIInterfaceOrientationPortrait UIInterfaceOrientationLandscapeLeft UIInterfaceOrientationLandscapeRight";
				LD_RUNPATH_SEARCH_PATHS = (
					"$(inherited)",
					"@executable_path/Frameworks",
				);
				MARKETING_VERSION = 1.0;
				PRODUCT_BUNDLE_IDENTIFIER = com.salman.PickUpApp;
				PRODUCT_NAME = "$(TARGET_NAME)";
				SWIFT_EMIT_LOC_STRINGS = YES;
				SWIFT_VERSION = 5.0;
				TARGETED_DEVICE_FAMILY = "1,2";
			};
			name = Debug;
		};
		707AD4F72A24CAAA0037DC42 /* Release */ = {
			isa = XCBuildConfiguration;
			buildSettings = {
				ASSETCATALOG_COMPILER_APPICON_NAME = AppIcon;
				ASSETCATALOG_COMPILER_GLOBAL_ACCENT_COLOR_NAME = AccentColor;
				CODE_SIGN_STYLE = Automatic;
				CURRENT_PROJECT_VERSION = 1;
				DEVELOPMENT_ASSET_PATHS = "\"PickUpApp/Preview Content\"";
				ENABLE_PREVIEWS = YES;
				GENERATE_INFOPLIST_FILE = YES;
				INFOPLIST_FILE = PickUpApp/Info.plist;
				INFOPLIST_KEY_UIApplicationSceneManifest_Generation = YES;
				INFOPLIST_KEY_UIApplicationSupportsIndirectInputEvents = YES;
				INFOPLIST_KEY_UILaunchScreen_Generation = YES;
				INFOPLIST_KEY_UISupportedInterfaceOrientations_iPad = "UIInterfaceOrientationPortrait UIInterfaceOrientationPortraitUpsideDown UIInterfaceOrientationLandscapeLeft UIInterfaceOrientationLandscapeRight";
				INFOPLIST_KEY_UISupportedInterfaceOrientations_iPhone = "UIInterfaceOrientationPortrait UIInterfaceOrientationLandscapeLeft UIInterfaceOrientationLandscapeRight";
				LD_RUNPATH_SEARCH_PATHS = (
					"$(inherited)",
					"@executable_path/Frameworks",
				);
				MARKETING_VERSION = 1.0;
				PRODUCT_BUNDLE_IDENTIFIER = com.salman.PickUpApp;
				PRODUCT_NAME = "$(TARGET_NAME)";
				SWIFT_EMIT_LOC_STRINGS = YES;
				SWIFT_VERSION = 5.0;
				TARGETED_DEVICE_FAMILY = "1,2";
			};
			name = Release;
		};
		707AD4F92A24CAAA0037DC42 /* Debug */ = {
			isa = XCBuildConfiguration;
			buildSettings = {
				ALWAYS_EMBED_SWIFT_STANDARD_LIBRARIES = YES;
				BUNDLE_LOADER = "$(TEST_HOST)";
				CODE_SIGN_STYLE = Automatic;
				CURRENT_PROJECT_VERSION = 1;
				GENERATE_INFOPLIST_FILE = YES;
				IPHONEOS_DEPLOYMENT_TARGET = 16.4;
				MARKETING_VERSION = 1.0;
				PRODUCT_BUNDLE_IDENTIFIER = com.salman.PickUpAppTests;
				PRODUCT_NAME = "$(TARGET_NAME)";
				SWIFT_EMIT_LOC_STRINGS = NO;
				SWIFT_VERSION = 5.0;
				TARGETED_DEVICE_FAMILY = "1,2";
				TEST_HOST = "$(BUILT_PRODUCTS_DIR)/PickUpApp.app/$(BUNDLE_EXECUTABLE_FOLDER_PATH)/PickUpApp";
			};
			name = Debug;
		};
		707AD4FA2A24CAAA0037DC42 /* Release */ = {
			isa = XCBuildConfiguration;
			buildSettings = {
				ALWAYS_EMBED_SWIFT_STANDARD_LIBRARIES = YES;
				BUNDLE_LOADER = "$(TEST_HOST)";
				CODE_SIGN_STYLE = Automatic;
				CURRENT_PROJECT_VERSION = 1;
				GENERATE_INFOPLIST_FILE = YES;
				IPHONEOS_DEPLOYMENT_TARGET = 16.4;
				MARKETING_VERSION = 1.0;
				PRODUCT_BUNDLE_IDENTIFIER = com.salman.PickUpAppTests;
				PRODUCT_NAME = "$(TARGET_NAME)";
				SWIFT_EMIT_LOC_STRINGS = NO;
				SWIFT_VERSION = 5.0;
				TARGETED_DEVICE_FAMILY = "1,2";
				TEST_HOST = "$(BUILT_PRODUCTS_DIR)/PickUpApp.app/$(BUNDLE_EXECUTABLE_FOLDER_PATH)/PickUpApp";
			};
			name = Release;
		};
		707AD4FC2A24CAAA0037DC42 /* Debug */ = {
			isa = XCBuildConfiguration;
			buildSettings = {
				ALWAYS_EMBED_SWIFT_STANDARD_LIBRARIES = YES;
				CODE_SIGN_STYLE = Automatic;
				CURRENT_PROJECT_VERSION = 1;
				GENERATE_INFOPLIST_FILE = YES;
				MARKETING_VERSION = 1.0;
				PRODUCT_BUNDLE_IDENTIFIER = com.salman.PickUpAppUITests;
				PRODUCT_NAME = "$(TARGET_NAME)";
				SWIFT_EMIT_LOC_STRINGS = NO;
				SWIFT_VERSION = 5.0;
				TARGETED_DEVICE_FAMILY = "1,2";
				TEST_TARGET_NAME = PickUpApp;
			};
			name = Debug;
		};
		707AD4FD2A24CAAA0037DC42 /* Release */ = {
			isa = XCBuildConfiguration;
			buildSettings = {
				ALWAYS_EMBED_SWIFT_STANDARD_LIBRARIES = YES;
				CODE_SIGN_STYLE = Automatic;
				CURRENT_PROJECT_VERSION = 1;
				GENERATE_INFOPLIST_FILE = YES;
				MARKETING_VERSION = 1.0;
				PRODUCT_BUNDLE_IDENTIFIER = com.salman.PickUpAppUITests;
				PRODUCT_NAME = "$(TARGET_NAME)";
				SWIFT_EMIT_LOC_STRINGS = NO;
				SWIFT_VERSION = 5.0;
				TARGETED_DEVICE_FAMILY = "1,2";
				TEST_TARGET_NAME = PickUpApp;
			};
			name = Release;
		};
/* End XCBuildConfiguration section */

/* Begin XCConfigurationList section */
		707AD4CC2A24CAA90037DC42 /* Build configuration list for PBXProject "PickUpApp" */ = {
			isa = XCConfigurationList;
			buildConfigurations = (
				707AD4F32A24CAAA0037DC42 /* Debug */,
				707AD4F42A24CAAA0037DC42 /* Release */,
			);
			defaultConfigurationIsVisible = 0;
			defaultConfigurationName = Release;
		};
		707AD4F52A24CAAA0037DC42 /* Build configuration list for PBXNativeTarget "PickUpApp" */ = {
			isa = XCConfigurationList;
			buildConfigurations = (
				707AD4F62A24CAAA0037DC42 /* Debug */,
				707AD4F72A24CAAA0037DC42 /* Release */,
			);
			defaultConfigurationIsVisible = 0;
			defaultConfigurationName = Release;
		};
		707AD4F82A24CAAA0037DC42 /* Build configuration list for PBXNativeTarget "PickUpAppTests" */ = {
			isa = XCConfigurationList;
			buildConfigurations = (
				707AD4F92A24CAAA0037DC42 /* Debug */,
				707AD4FA2A24CAAA0037DC42 /* Release */,
			);
			defaultConfigurationIsVisible = 0;
			defaultConfigurationName = Release;
		};
		707AD4FB2A24CAAA0037DC42 /* Build configuration list for PBXNativeTarget "PickUpAppUITests" */ = {
			isa = XCConfigurationList;
			buildConfigurations = (
				707AD4FC2A24CAAA0037DC42 /* Debug */,
				707AD4FD2A24CAAA0037DC42 /* Release */,
			);
			defaultConfigurationIsVisible = 0;
			defaultConfigurationName = Release;
		};
/* End XCConfigurationList section */
	};
	rootObject = 707AD4C92A24CAA90037DC42 /* Project object */;
}
