// !$*UTF8*$!
{
	archiveVersion = 1;
	classes = {
	};
	objectVersion = 56;
	objects = {

/* Begin PBXBuildFile section */
		707AD4D52A24CAA90037DC42 /* PickUpAppApp.swift in Sources */ = {isa = PBXBuildFile; fileRef = 707AD4D42A24CAA90037DC42 /* PickUpAppApp.swift */; };
		707AD4D72A24CAA90037DC42 /* ContentView.swift in Sources */ = {isa = PBXBuildFile; fileRef = 707AD4D62A24CAA90037DC42 /* ContentView.swift */; };
		707AD4D92A24CAAA0037DC42 /* Assets.xcassets in Resources */ = {isa = PBXBuildFile; fileRef = 707AD4D82A24CAAA0037DC42 /* Assets.xcassets */; };
		707AD4DC2A24CAAA0037DC42 /* Preview Assets.xcassets in Resources */ = {isa = PBXBuildFile; fileRef = 707AD4DB2A24CAAA0037DC42 /* Preview Assets.xcassets */; };
		707AD4E62A24CAAA0037DC42 /* PickUpAppTests.swift in Sources */ = {isa = PBXBuildFile; fileRef = 707AD4E52A24CAAA0037DC42 /* PickUpAppTests.swift */; };
		707AD4F02A24CAAA0037DC42 /* PickUpAppUITests.swift in Sources */ = {isa = PBXBuildFile; fileRef = 707AD4EF2A24CAAA0037DC42 /* PickUpAppUITests.swift */; };
		707AD4F22A24CAAA0037DC42 /* PickUpAppUITestsLaunchTests.swift in Sources */ = {isa = PBXBuildFile; fileRef = 707AD4F12A24CAAA0037DC42 /* PickUpAppUITestsLaunchTests.swift */; };
/* End PBXBuildFile section */

/* Begin PBXContainerItemProxy section */
		707AD4E22A24CAAA0037DC42 /* PBXContainerItemProxy */ = {
			isa = PBXContainerItemProxy;
			containerPortal = 707AD4C92A24CAA90037DC42 /* Project object */;
			proxyType = 1;
			remoteGlobalIDString = 707AD4D02A24CAA90037DC42;
			remoteInfo = PickUpApp;
		};
		707AD4EC2A24CAAA0037DC42 /* PBXContainerItemProxy */ = {
			isa = PBXContainerItemProxy;
			containerPortal = 707AD4C92A24CAA90037DC42 /* Project object */;
			proxyType = 1;
			remoteGlobalIDString = 707AD4D02A24CAA90037DC42;
			remoteInfo = PickUpApp;
		};
/* End PBXContainerItemProxy section */

/* Begin PBXFileReference section */
		707AD4D12A24CAA90037DC42 /* PickUpApp.app */ = {isa = PBXFileReference; explicitFileType = wrapper.application; includeInIndex = 0; path = PickUpApp.app; sourceTree = BUILT_PRODUCTS_DIR; };
		707AD4D42A24CAA90037DC42 /* PickUpAppApp.swift */ = {isa = PBXFileReference; lastKnownFileType = sourcecode.swift; path = PickUpAppApp.swift; sourceTree = "<group>"; };
		707AD4D62A24CAA90037DC42 /* ContentView.swift */ = {isa = PBXFileReference; lastKnownFileType = sourcecode.swift; path = ContentView.swift; sourceTree = "<group>"; };
		707AD4D82A24CAAA0037DC42 /* Assets.xcassets */ = {isa = PBXFileReference; lastKnownFileType = folder.assetcatalog; path = Assets.xcassets; sourceTree = "<group>"; };
		707AD4DB2A24CAAA0037DC42 /* Preview Assets.xcassets */ = {isa = PBXFileReference; lastKnownFileType = folder.assetcatalog; path = "Preview Assets.xcassets"; sourceTree = "<group>"; };
		707AD4E12A24CAAA0037DC42 /* PickUpAppTests.xctest */ = {isa = PBXFileReference; explicitFileType = wrapper.cfbundle; includeInIndex = 0; path = PickUpAppTests.xctest; sourceTree = BUILT_PRODUCTS_DIR; };
		707AD4E52A24CAAA0037DC42 /* PickUpAppTests.swift */ = {isa = PBXFileReference; lastKnownFileType = sourcecode.swift; path = PickUpAppTests.swift; sourceTree = "<group>"; };
		707AD4EB2A24CAAA0037DC42 /* PickUpAppUITests.xctest */ = {isa = PBXFileReference; explicitFileType = wrapper.cfbundle; includeInIndex = 0; path = PickUpAppUITests.xctest; sourceTree = BUILT_PRODUCTS_DIR; };
		707AD4EF2A24CAAA0037DC42 /* PickUpAppUITests.swift */ = {isa = PBXFileReference; lastKnownFileType = sourcecode.swift; path = PickUpAppUITests.swift; sourceTree = "<group>"; };
		707AD4F12A24CAAA0037DC42 /* PickUpAppUITestsLaunchTests.swift */ = {isa = PBXFileReference; lastKnownFileType = sourcecode.swift; path = PickUpAppUITestsLaunchTests.swift; sourceTree = "<group>"; };
/* End PBXFileReference section */

/* Begin PBXFrameworksBuildPhase section */
		707AD4CE2A24CAA90037DC42 /* Frameworks */ = {
			isa = PBXFrameworksBuildPhase;
			buildActionMask = 2147483647;
			files = (
			);
			runOnlyForDeploymentPostprocessing = 0;
		};
		707AD4DE2A24CAAA0037DC42 /* Frameworks */ = {
			isa = PBXFrameworksBuildPhase;
			buildActionMask = 2147483647;
			files = (
			);
			runOnlyForDeploymentPostprocessing = 0;
		};
		707AD4E82A24CAAA0037DC42 /* Frameworks */ = {
			isa = PBXFrameworksBuildPhase;
			buildActionMask = 2147483647;
			files = (
			);
			runOnlyForDeploymentPostprocessing = 0;
		};
/* End PBXFrameworksBuildPhase section */

/* Begin PBXGroup section */
		707AD4C82A24CAA90037DC42 = {
			isa = PBXGroup;
			children = (
				707AD4D32A24CAA90037DC42 /* PickUpApp */,
				707AD4E42A24CAAA0037DC42 /* PickUpAppTests */,
				707AD4EE2A24CAAA0037DC42 /* PickUpAppUITests */,
				707AD4D22A24CAA90037DC42 /* Products */,
			);
			sourceTree = "<group>";
		};
		707AD4D22A24CAA90037DC42 /* Products */ = {
			isa = PBXGroup;
			children = (
				707AD4D12A24CAA90037DC42 /* PickUpApp.app */,
				707AD4E12A24CAAA0037DC42 /* PickUpAppTests.xctest */,
				707AD4EB2A24CAAA0037DC42 /* PickUpAppUITests.xctest */,
			);
			name = Products;
			sourceTree = "<group>";
		};
		707AD4D32A24CAA90037DC42 /* PickUpApp */ = {
			isa = PBXGroup;
			children = (
				707AD4D42A24CAA90037DC42 /* PickUpAppApp.swift */,
				707AD4D62A24CAA90037DC42 /* ContentView.swift */,
				707AD4D82A24CAAA0037DC42 /* Assets.xcassets */,
				707AD4DA2A24CAAA0037DC42 /* Preview Content */,
			);
			path = PickUpApp;
			sourceTree = "<group>";
		};
		707AD4DA2A24CAAA0037DC42 /* Preview Content */ = {
			isa = PBXGroup;
			children = (
				707AD4DB2A24CAAA0037DC42 /* Preview Assets.xcassets */,
			);
			path = "Preview Content";
			sourceTree = "<group>";
		};
		707AD4E42A24CAAA0037DC42 /* PickUpAppTests */ = {
			isa = PBXGroup;
			children = (
				707AD4E52A24CAAA0037DC42 /* PickUpAppTests.swift */,
			);
			path = PickUpAppTests;
			sourceTree = "<group>";
		};
		707AD4EE2A24CAAA0037DC42 /* PickUpAppUITests */ = {
			isa = PBXGroup;
			children = (
				707AD4EF2A24CAAA0037DC42 /* PickUpAppUITests.swift */,
				707AD4F12A24CAAA0037DC42 /* PickUpAppUITestsLaunchTests.swift */,
			);
			path = PickUpAppUITests;
			sourceTree = "<group>";
		};
/* End PBXGroup section */

/* Begin PBXNativeTarget section */
		707AD4D02A24CAA90037DC42 /* PickUpApp */ = {
			isa = PBXNativeTarget;
			buildConfigurationList = 707AD4F52A24CAAA0037DC42 /* Build configuration list for PBXNativeTarget "PickUpApp" */;
			buildPhases = (
				707AD4CD2A24CAA90037DC42 /* Sources */,
				707AD4CE2A24CAA90037DC42 /* Frameworks */,
				707AD4CF2A24CAA90037DC42 /* Resources */,
			);
			buildRules = (
			);
			dependencies = (
			);
			name = PickUpApp;
			productName = PickUpApp;
			productReference = 707AD4D12A24CAA90037DC42 /* PickUpApp.app */;
			productType = "com.apple.product-type.application";
		};
		707AD4E02A24CAAA0037DC42 /* PickUpAppTests */ = {
			isa = PBXNativeTarget;
			buildConfigurationList = 707AD4F82A24CAAA0037DC42 /* Build configuration list for PBXNativeTarget "PickUpAppTests" */;
			buildPhases = (
				707AD4DD2A24CAAA0037DC42 /* Sources */,
				707AD4DE2A24CAAA0037DC42 /* Frameworks */,
				707AD4DF2A24CAAA0037DC42 /* Resources */,
			);
			buildRules = (
			);
			dependencies = (
				707AD4E32A24CAAA0037DC42 /* PBXTargetDependency */,
			);
			name = PickUpAppTests;
			productName = PickUpAppTests;
			productReference = 707AD4E12A24CAAA0037DC42 /* PickUpAppTests.xctest */;
			productType = "com.apple.product-type.bundle.unit-test";
		};
		707AD4EA2A24CAAA0037DC42 /* PickUpAppUITests */ = {
			isa = PBXNativeTarget;
			buildConfigurationList = 707AD4FB2A24CAAA0037DC42 /* Build configuration list for PBXNativeTarget "PickUpAppUITests" */;
			buildPhases = (
				707AD4E72A24CAAA0037DC42 /* Sources */,
				707AD4E82A24CAAA0037DC42 /* Frameworks */,
				707AD4E92A24CAAA0037DC42 /* Resources */,
			);
			buildRules = (
			);
			dependencies = (
				707AD4ED2A24CAAA0037DC42 /* PBXTargetDependency */,
			);
			name = PickUpAppUITests;
			productName = PickUpAppUITests;
			productReference = 707AD4EB2A24CAAA0037DC42 /* PickUpAppUITests.xctest */;
			productType = "com.apple.product-type.bundle.ui-testing";
		};
/* End PBXNativeTarget section */

/* Begin PBXProject section */
		707AD4C92A24CAA90037DC42 /* Project object */ = {
			isa = PBXProject;
			attributes = {
				BuildIndependentTargetsInParallel = 1;
				LastSwiftUpdateCheck = 1430;
				LastUpgradeCheck = 1430;
				TargetAttributes = {
					707AD4D02A24CAA90037DC42 = {
						CreatedOnToolsVersion = 14.3;
					};
					707AD4E02A24CAAA0037DC42 = {
						CreatedOnToolsVersion = 14.3;
						TestTargetID = 707AD4D02A24CAA90037DC42;
					};
					707AD4EA2A24CAAA0037DC42 = {
						CreatedOnToolsVersion = 14.3;
						TestTargetID = 707AD4D02A24CAA90037DC42;
					};
				};
			};
			buildConfigurationList = 707AD4CC2A24CAA90037DC42 /* Build configuration list for PBXProject "PickUpApp" */;
			compatibilityVersion = "Xcode 14.0";
			developmentRegion = en;
			hasScannedForEncodings = 0;
			knownRegions = (
				en,
				Base,
			);
			mainGroup = 707AD4C82A24CAA90037DC42;
			productRefGroup = 707AD4D22A24CAA90037DC42 /* Products */;
			projectDirPath = "";
			projectRoot = "";
			targets = (
				707AD4D02A24CAA90037DC42 /* PickUpApp */,
				707AD4E02A24CAAA0037DC42 /* PickUpAppTests */,
				707AD4EA2A24CAAA0037DC42 /* PickUpAppUITests */,
			);
		};
/* End PBXProject section */

/* Begin PBXResourcesBuildPhase section */
		707AD4CF2A24CAA90037DC42 /* Resources */ = {
			isa = PBXResourcesBuildPhase;
			buildActionMask = 2147483647;
			files = (
				707AD4DC2A24CAAA0037DC42 /* Preview Assets.xcassets in Resources */,
				707AD4D92A24CAAA0037DC42 /* Assets.xcassets in Resources */,
			);
			runOnlyForDeploymentPostprocessing = 0;
		};
		707AD4DF2A24CAAA0037DC42 /* Resources */ = {
			isa = PBXResourcesBuildPhase;
			buildActionMask = 2147483647;
			files = (
			);
			runOnlyForDeploymentPostprocessing = 0;
		};
		707AD4E92A24CAAA0037DC42 /* Resources */ = {
			isa = PBXResourcesBuildPhase;
			buildActionMask = 2147483647;
			files = (
			);
			runOnlyForDeploymentPostprocessing = 0;
		};
/* End PBXResourcesBuildPhase section */

/* Begin PBXSourcesBuildPhase section */
		707AD4CD2A24CAA90037DC42 /* Sources */ = {
			isa = PBXSourcesBuildPhase;
			buildActionMask = 2147483647;
			files = (
				707AD4D72A24CAA90037DC42 /* ContentView.swift in Sources */,
				707AD4D52A24CAA90037DC42 /* PickUpAppApp.swift in Sources */,
			);
			runOnlyForDeploymentPostprocessing = 0;
		};
		707AD4DD2A24CAAA0037DC42 /* Sources */ = {
			isa = PBXSourcesBuildPhase;
			buildActionMask = 2147483647;
			files = (
				707AD4E62A24CAAA0037DC42 /* PickUpAppTests.swift in Sources */,
			);
			runOnlyForDeploymentPostprocessing = 0;
		};
		707AD4E72A24CAAA0037DC42 /* Sources */ = {
			isa = PBXSourcesBuildPhase;
			buildActionMask = 2147483647;
			files = (
				707AD4F22A24CAAA0037DC42 /* PickUpAppUITestsLaunchTests.swift in Sources */,
				707AD4F02A24CAAA0037DC42 /* PickUpAppUITests.swift in Sources */,
			);
			runOnlyForDeploymentPostprocessing = 0;
		};
/* End PBXSourcesBuildPhase section */

/* Begin PBXTargetDependency section */
		707AD4E32A24CAAA0037DC42 /* PBXTargetDependency */ = {
			isa = PBXTargetDependency;
			target = 707AD4D02A24CAA90037DC42 /* PickUpApp */;
			targetProxy = 707AD4E22A24CAAA0037DC42 /* PBXContainerItemProxy */;
		};
		707AD4ED2A24CAAA0037DC42 /* PBXTargetDependency */ = {
			isa = PBXTargetDependency;
			target = 707AD4D02A24CAA90037DC42 /* PickUpApp */;
			targetProxy = 707AD4EC2A24CAAA0037DC42 /* PBXContainerItemProxy */;
		};
/* End PBXTargetDependency section */

/* Begin XCBuildConfiguration section */
		707AD4F32A24CAAA0037DC42 /* Debug */ = {
			isa = XCBuildConfiguration;
			buildSettings = {
				ALWAYS_SEARCH_USER_PATHS = NO;
				CLANG_ANALYZER_NONNULL = YES;
				CLANG_ANALYZER_NUMBER_OBJECT_CONVERSION = YES_AGGRESSIVE;
				CLANG_CXX_LANGUAGE_STANDARD = "gnu++20";
				CLANG_ENABLE_MODULES = YES;
				CLANG_ENABLE_OBJC_ARC = YES;
				CLANG_ENABLE_OBJC_WEAK = YES;
				CLANG_WARN_BLOCK_CAPTURE_AUTORELEASING = YES;
				CLANG_WARN_BOOL_CONVERSION = YES;
				CLANG_WARN_COMMA = YES;
				CLANG_WARN_CONSTANT_CONVERSION = YES;
				CLANG_WARN_DEPRECATED_OBJC_IMPLEMENTATIONS = YES;
				CLANG_WARN_DIRECT_OBJC_ISA_USAGE = YES_ERROR;
				CLANG_WARN_DOCUMENTATION_COMMENTS = YES;
				CLANG_WARN_EMPTY_BODY = YES;
				CLANG_WARN_ENUM_CONVERSION = YES;
				CLANG_WARN_INFINITE_RECURSION = YES;
				CLANG_WARN_INT_CONVERSION = YES;
				CLANG_WARN_NON_LITERAL_NULL_CONVERSION = YES;
				CLANG_WARN_OBJC_IMPLICIT_RETAIN_SELF = YES;
				CLANG_WARN_OBJC_LITERAL_CONVERSION = YES;
				CLANG_WARN_OBJC_ROOT_CLASS = YES_ERROR;
				CLANG_WARN_QUOTED_INCLUDE_IN_FRAMEWORK_HEADER = YES;
				CLANG_WARN_RANGE_LOOP_ANALYSIS = YES;
				CLANG_WARN_STRICT_PROTOTYPES = YES;
				CLANG_WARN_SUSPICIOUS_MOVE = YES;
				CLANG_WARN_UNGUARDED_AVAILABILITY = YES_AGGRESSIVE;
				CLANG_WARN_UNREACHABLE_CODE = YES;
				CLANG_WARN__DUPLICATE_METHOD_MATCH = YES;
				COPY_PHASE_STRIP = NO;
				DEBUG_INFORMATION_FORMAT = dwarf;
				ENABLE_STRICT_OBJC_MSGSEND = YES;
				ENABLE_TESTABILITY = YES;
				GCC_C_LANGUAGE_STANDARD = gnu11;
				GCC_DYNAMIC_NO_PIC = NO;
				GCC_NO_COMMON_BLOCKS = YES;
				GCC_OPTIMIZATION_LEVEL = 0;
				GCC_PREPROCESSOR_DEFINITIONS = (
					"DEBUG=1",
					"$(inherited)",
				);
				GCC_WARN_64_TO_32_BIT_CONVERSION = YES;
				GCC_WARN_ABOUT_RETURN_TYPE = YES_ERROR;
				GCC_WARN_UNDECLARED_SELECTOR = YES;
				GCC_WARN_UNINITIALIZED_AUTOS = YES_AGGRESSIVE;
				GCC_WARN_UNUSED_FUNCTION = YES;
				GCC_WARN_UNUSED_VARIABLE = YES;
				IPHONEOS_DEPLOYMENT_TARGET = 16.4;
				MTL_ENABLE_DEBUG_INFO = INCLUDE_SOURCE;
				MTL_FAST_MATH = YES;
				ONLY_ACTIVE_ARCH = YES;
				SDKROOT = iphoneos;
				SWIFT_ACTIVE_COMPILATION_CONDITIONS = DEBUG;
				SWIFT_OPTIMIZATION_LEVEL = "-Onone";
			};
			name = Debug;
		};
		707AD4F42A24CAAA0037DC42 /* Release */ = {
			isa = XCBuildConfiguration;
			buildSettings = {
				ALWAYS_SEARCH_USER_PATHS = NO;
				CLANG_ANALYZER_NONNULL = YES;
				CLANG_ANALYZER_NUMBER_OBJECT_CONVERSION = YES_AGGRESSIVE;
				CLANG_CXX_LANGUAGE_STANDARD = "gnu++20";
				CLANG_ENABLE_MODULES = YES;
				CLANG_ENABLE_OBJC_ARC = YES;
				CLANG_ENABLE_OBJC_WEAK = YES;
				CLANG_WARN_BLOCK_CAPTURE_AUTORELEASING = YES;
				CLANG_WARN_BOOL_CONVERSION = YES;
				CLANG_WARN_COMMA = YES;
				CLANG_WARN_CONSTANT_CONVERSION = YES;
				CLANG_WARN_DEPRECATED_OBJC_IMPLEMENTATIONS = YES;
				CLANG_WARN_DIRECT_OBJC_ISA_USAGE = YES_ERROR;
				CLANG_WARN_DOCUMENTATION_COMMENTS = YES;
				CLANG_WARN_EMPTY_BODY = YES;
				CLANG_WARN_ENUM_CONVERSION = YES;
				CLANG_WARN_INFINITE_RECURSION = YES;
				CLANG_WARN_INT_CONVERSION = YES;
				CLANG_WARN_NON_LITERAL_NULL_CONVERSION = YES;
				CLANG_WARN_OBJC_IMPLICIT_RETAIN_SELF = YES;
				CLANG_WARN_OBJC_LITERAL_CONVERSION = YES;
				CLANG_WARN_OBJC_ROOT_CLASS = YES_ERROR;
				CLANG_WARN_QUOTED_INCLUDE_IN_FRAMEWORK_HEADER = YES;
				CLANG_WARN_RANGE_LOOP_ANALYSIS = YES;
				CLANG_WARN_STRICT_PROTOTYPES = YES;
				CLANG_WARN_SUSPICIOUS_MOVE = YES;
				CLANG_WARN_UNGUARDED_AVAILABILITY = YES_AGGRESSIVE;
				CLANG_WARN_UNREACHABLE_CODE = YES;
				CLANG_WARN__DUPLICATE_METHOD_MATCH = YES;
				COPY_PHASE_STRIP = NO;
				DEBUG_INFORMATION_FORMAT = "dwarf-with-dsym";
				ENABLE_NS_ASSERTIONS = NO;
				ENABLE_STRICT_OBJC_MSGSEND = YES;
				GCC_C_LANGUAGE_STANDARD = gnu11;
				GCC_NO_COMMON_BLOCKS = YES;
				GCC_WARN_64_TO_32_BIT_CONVERSION = YES;
				GCC_WARN_ABOUT_RETURN_TYPE = YES_ERROR;
				GCC_WARN_UNDECLARED_SELECTOR = YES;
				GCC_WARN_UNINITIALIZED_AUTOS = YES_AGGRESSIVE;
				GCC_WARN_UNUSED_FUNCTION = YES;
				GCC_WARN_UNUSED_VARIABLE = YES;
				IPHONEOS_DEPLOYMENT_TARGET = 16.4;
				MTL_ENABLE_DEBUG_INFO = NO;
				MTL_FAST_MATH = YES;
				SDKROOT = iphoneos;
				SWIFT_COMPILATION_MODE = wholemodule;
				SWIFT_OPTIMIZATION_LEVEL = "-O";
				VALIDATE_PRODUCT = YES;
			};
			name = Release;
		};
		707AD4F62A24CAAA0037DC42 /* Debug */ = {
			isa = XCBuildConfiguration;
			buildSettings = {
				ASSETCATALOG_COMPILER_APPICON_NAME = AppIcon;
				ASSETCATALOG_COMPILER_GLOBAL_ACCENT_COLOR_NAME = AccentColor;
				CODE_SIGN_STYLE = Automatic;
				CURRENT_PROJECT_VERSION = 1;
				DEVELOPMENT_ASSET_PATHS = "\"PickUpApp/Preview Content\"";
				ENABLE_PREVIEWS = YES;
				GENERATE_INFOPLIST_FILE = YES;
				INFOPLIST_KEY_UIApplicationSceneManifest_Generation = YES;
				INFOPLIST_KEY_UIApplicationSupportsIndirectInputEvents = YES;
				INFOPLIST_KEY_UILaunchScreen_Generation = YES;
				INFOPLIST_KEY_UISupportedInterfaceOrientations_iPad = "UIInterfaceOrientationPortrait UIInterfaceOrientationPortraitUpsideDown UIInterfaceOrientationLandscapeLeft UIInterfaceOrientationLandscapeRight";
				INFOPLIST_KEY_UISupportedInterfaceOrientations_iPhone = "UIInterfaceOrientationPortrait UIInterfaceOrientationLandscapeLeft UIInterfaceOrientationLandscapeRight";
				LD_RUNPATH_SEARCH_PATHS = (
					"$(inherited)",
					"@executable_path/Frameworks",
				);
				MARKETING_VERSION = 1.0;
				PRODUCT_BUNDLE_IDENTIFIER = com.salman.PickUpApp;
				PRODUCT_NAME = "$(TARGET_NAME)";
				SWIFT_EMIT_LOC_STRINGS = YES;
				SWIFT_VERSION = 5.0;
				TARGETED_DEVICE_FAMILY = "1,2";
			};
			name = Debug;
		};
		707AD4F72A24CAAA0037DC42 /* Release */ = {
			isa = XCBuildConfiguration;
			buildSettings = {
				ASSETCATALOG_COMPILER_APPICON_NAME = AppIcon;
				ASSETCATALOG_COMPILER_GLOBAL_ACCENT_COLOR_NAME = AccentColor;
				CODE_SIGN_STYLE = Automatic;
				CURRENT_PROJECT_VERSION = 1;
				DEVELOPMENT_ASSET_PATHS = "\"PickUpApp/Preview Content\"";
				ENABLE_PREVIEWS = YES;
				GENERATE_INFOPLIST_FILE = YES;
				INFOPLIST_KEY_UIApplicationSceneManifest_Generation = YES;
				INFOPLIST_KEY_UIApplicationSupportsIndirectInputEvents = YES;
				INFOPLIST_KEY_UILaunchScreen_Generation = YES;
				INFOPLIST_KEY_UISupportedInterfaceOrientations_iPad = "UIInterfaceOrientationPortrait UIInterfaceOrientationPortraitUpsideDown UIInterfaceOrientationLandscapeLeft UIInterfaceOrientationLandscapeRight";
				INFOPLIST_KEY_UISupportedInterfaceOrientations_iPhone = "UIInterfaceOrientationPortrait UIInterfaceOrientationLandscapeLeft UIInterfaceOrientationLandscapeRight";
				LD_RUNPATH_SEARCH_PATHS = (
					"$(inherited)",
					"@executable_path/Frameworks",
				);
				MARKETING_VERSION = 1.0;
				PRODUCT_BUNDLE_IDENTIFIER = com.salman.PickUpApp;
				PRODUCT_NAME = "$(TARGET_NAME)";
				SWIFT_EMIT_LOC_STRINGS = YES;
				SWIFT_VERSION = 5.0;
				TARGETED_DEVICE_FAMILY = "1,2";
			};
			name = Release;
		};
		707AD4F92A24CAAA0037DC42 /* Debug */ = {
			isa = XCBuildConfiguration;
			buildSettings = {
				ALWAYS_EMBED_SWIFT_STANDARD_LIBRARIES = YES;
				BUNDLE_LOADER = "$(TEST_HOST)";
				CODE_SIGN_STYLE = Automatic;
				CURRENT_PROJECT_VERSION = 1;
				GENERATE_INFOPLIST_FILE = YES;
				IPHONEOS_DEPLOYMENT_TARGET = 16.4;
				MARKETING_VERSION = 1.0;
				PRODUCT_BUNDLE_IDENTIFIER = com.salman.PickUpAppTests;
				PRODUCT_NAME = "$(TARGET_NAME)";
				SWIFT_EMIT_LOC_STRINGS = NO;
				SWIFT_VERSION = 5.0;
				TARGETED_DEVICE_FAMILY = "1,2";
				TEST_HOST = "$(BUILT_PRODUCTS_DIR)/PickUpApp.app/$(BUNDLE_EXECUTABLE_FOLDER_PATH)/PickUpApp";
			};
			name = Debug;
		};
		707AD4FA2A24CAAA0037DC42 /* Release */ = {
			isa = XCBuildConfiguration;
			buildSettings = {
				ALWAYS_EMBED_SWIFT_STANDARD_LIBRARIES = YES;
				BUNDLE_LOADER = "$(TEST_HOST)";
				CODE_SIGN_STYLE = Automatic;
				CURRENT_PROJECT_VERSION = 1;
				GENERATE_INFOPLIST_FILE = YES;
				IPHONEOS_DEPLOYMENT_TARGET = 16.4;
				MARKETING_VERSION = 1.0;
				PRODUCT_BUNDLE_IDENTIFIER = com.salman.PickUpAppTests;
				PRODUCT_NAME = "$(TARGET_NAME)";
				SWIFT_EMIT_LOC_STRINGS = NO;
				SWIFT_VERSION = 5.0;
				TARGETED_DEVICE_FAMILY = "1,2";
				TEST_HOST = "$(BUILT_PRODUCTS_DIR)/PickUpApp.app/$(BUNDLE_EXECUTABLE_FOLDER_PATH)/PickUpApp";
			};
			name = Release;
		};
		707AD4FC2A24CAAA0037DC42 /* Debug */ = {
			isa = XCBuildConfiguration;
			buildSettings = {
				ALWAYS_EMBED_SWIFT_STANDARD_LIBRARIES = YES;
				CODE_SIGN_STYLE = Automatic;
				CURRENT_PROJECT_VERSION = 1;
				GENERATE_INFOPLIST_FILE = YES;
				MARKETING_VERSION = 1.0;
				PRODUCT_BUNDLE_IDENTIFIER = com.salman.PickUpAppUITests;
				PRODUCT_NAME = "$(TARGET_NAME)";
				SWIFT_EMIT_LOC_STRINGS = NO;
				SWIFT_VERSION = 5.0;
				TARGETED_DEVICE_FAMILY = "1,2";
				TEST_TARGET_NAME = PickUpApp;
			};
			name = Debug;
		};
		707AD4FD2A24CAAA0037DC42 /* Release */ = {
			isa = XCBuildConfiguration;
			buildSettings = {
				ALWAYS_EMBED_SWIFT_STANDARD_LIBRARIES = YES;
				CODE_SIGN_STYLE = Automatic;
				CURRENT_PROJECT_VERSION = 1;
				GENERATE_INFOPLIST_FILE = YES;
				MARKETING_VERSION = 1.0;
				PRODUCT_BUNDLE_IDENTIFIER = com.salman.PickUpAppUITests;
				PRODUCT_NAME = "$(TARGET_NAME)";
				SWIFT_EMIT_LOC_STRINGS = NO;
				SWIFT_VERSION = 5.0;
				TARGETED_DEVICE_FAMILY = "1,2";
				TEST_TARGET_NAME = PickUpApp;
			};
			name = Release;
		};
/* End XCBuildConfiguration section */

/* Begin XCConfigurationList section */
		707AD4CC2A24CAA90037DC42 /* Build configuration list for PBXProject "PickUpApp" */ = {
			isa = XCConfigurationList;
			buildConfigurations = (
				707AD4F32A24CAAA0037DC42 /* Debug */,
				707AD4F42A24CAAA0037DC42 /* Release */,
			);
			defaultConfigurationIsVisible = 0;
			defaultConfigurationName = Release;
		};
		707AD4F52A24CAAA0037DC42 /* Build configuration list for PBXNativeTarget "PickUpApp" */ = {
			isa = XCConfigurationList;
			buildConfigurations = (
				707AD4F62A24CAAA0037DC42 /* Debug */,
				707AD4F72A24CAAA0037DC42 /* Release */,
			);
			defaultConfigurationIsVisible = 0;
			defaultConfigurationName = Release;
		};
		707AD4F82A24CAAA0037DC42 /* Build configuration list for PBXNativeTarget "PickUpAppTests" */ = {
			isa = XCConfigurationList;
			buildConfigurations = (
				707AD4F92A24CAAA0037DC42 /* Debug */,
				707AD4FA2A24CAAA0037DC42 /* Release */,
			);
			defaultConfigurationIsVisible = 0;
			defaultConfigurationName = Release;
		};
		707AD4FB2A24CAAA0037DC42 /* Build configuration list for PBXNativeTarget "PickUpAppUITests" */ = {
			isa = XCConfigurationList;
			buildConfigurations = (
				707AD4FC2A24CAAA0037DC42 /* Debug */,
				707AD4FD2A24CAAA0037DC42 /* Release */,
			);
			defaultConfigurationIsVisible = 0;
			defaultConfigurationName = Release;
		};
/* End XCConfigurationList section */
	};
	rootObject = 707AD4C92A24CAA90037DC42 /* Project object */;
}
